
Microsoft Visual Studio Solution File, Format Version 12.00
# Visual Studio Version 16
VisualStudioVersion = 16.0.810.20
MinimumVisualStudioVersion = 10.0.40219.1
Project("{FAE04EC0-301F-11D3-BF4B-00C04F79EFBC}") = "console.project.02.05.22", "console.project.02.05.22\console.project.02.05.22.csproj", "{853E18A9-23F1-46C1-9EBA-0060A033FCBC}"
EndProject
Global
	GlobalSection(SolutionConfigurationPlatforms) = preSolution
		Debug|Any CPU = Debug|Any CPU
		Release|Any CPU = Release|Any CPU
	EndGlobalSection
	GlobalSection(ProjectConfigurationPlatforms) = postSolution
		{853E18A9-23F1-46C1-9EBA-0060A033FCBC}.Debug|Any CPU.ActiveCfg = Debug|Any CPU
		{853E18A9-23F1-46C1-9EBA-0060A033FCBC}.Debug|Any CPU.Build.0 = Debug|Any CPU
		{853E18A9-23F1-46C1-9EBA-0060A033FCBC}.Release|Any CPU.ActiveCfg = Release|Any CPU
		{853E18A9-23F1-46C1-9EBA-0060A033FCBC}.Release|Any CPU.Build.0 = Release|Any CPU
	EndGlobalSection
	GlobalSection(SolutionProperties) = preSolution
		HideSolutionNode = FALSE
	EndGlobalSection
	GlobalSection(ExtensibilityGlobals) = postSolution
		SolutionGuid = {6BB60947-653C-4582-9F10-50DA53C57F40}
	EndGlobalSection
EndGlobal
